
Microsoft Visual Studio Solution File, Format Version 12.00
# Visual Studio Version 16
VisualStudioVersion = 16.0.34031.81
MinimumVisualStudioVersion = 10.0.40219.1
Project("{FAE04EC0-301F-11D3-BF4B-00C04F79EFBC}") = "ChapterTwoPrimitiveTypesAndVariablee", "ChapterTwoPrimitiveTypesAndVariablee.csproj", "{369E4868-EF2F-4436-9938-693438017499}"
EndProject
Global
	GlobalSection(SolutionConfigurationPlatforms) = preSolution
		Debug|Any CPU = Debug|Any CPU
		Release|Any CPU = Release|Any CPU
	EndGlobalSection
	GlobalSection(ProjectConfigurationPlatforms) = postSolution
		{369E4868-EF2F-4436-9938-693438017499}.Debug|Any CPU.ActiveCfg = Debug|Any CPU
		{369E4868-EF2F-4436-9938-693438017499}.Debug|Any CPU.Build.0 = Debug|Any CPU
		{369E4868-EF2F-4436-9938-693438017499}.Release|Any CPU.ActiveCfg = Release|Any CPU
		{369E4868-EF2F-4436-9938-693438017499}.Release|Any CPU.Build.0 = Release|Any CPU
	EndGlobalSection
	GlobalSection(SolutionProperties) = preSolution
		HideSolutionNode = FALSE
	EndGlobalSection
	GlobalSection(ExtensibilityGlobals) = postSolution
		SolutionGuid = {6C216E99-0999-4FA0-87D1-79E92EAE66DF}
	EndGlobalSection
EndGlobal
